# THIS IS AN AUTOGENERATED FILE. DO NOT EDIT THIS FILE DIRECTLY.
# yarn lockfile v1


"@alloc/quick-lru@^5.2.0":
  version "5.2.0"
  resolved "https://registry.npmjs.org/@alloc/quick-lru/-/quick-lru-5.2.0.tgz"
  integrity sha512-UrcABB+4bUrFABwbluTIBErXwvbsU/V7TZWfmbgJfbkwiBuziS9gxdODUyuiecfdGQ85jglMW6juS3+z5TsKLw==

"@emnapi/wasi-threads@1.2.1":
  version "1.2.1"
  resolved "https://registry.npmjs.org/@emnapi/wasi-threads/-/wasi-threads-1.2.1.tgz"
  integrity sha512-uTII7OYF+/Mes/MrcIOYp5yOtSMLBWSIoLPpcgwipoiKbli6k322tcoFsxoIIxPDqW01SQGAgko4EzZi2BNv2w==
  dependencies:
    tslib "^2.4.0"

"@jridgewell/gen-mapping@^0.3.5":
  version "0.3.13"
  resolved "https://registry.npmjs.org/@jridgewell/gen-mapping/-/gen-mapping-0.3.13.tgz"
  integrity sha512-2kkt/7niJ6MgEPxF0bYdQ6etZaA+fQvDcLKckhy1yIQOzaoKjBBjSj63/aLVjYE3qhRt5dvM+uUyfCg6UKCBbA==
  dependencies:
    "@jridgewell/sourcemap-codec" "^1.5.0"
    "@jridgewell/trace-mapping" "^0.3.24"

"@jridgewell/remapping@^2.3.5":
  version "2.3.5"
  resolved "https://registry.npmjs.org/@jridgewell/remapping/-/remapping-2.3.5.tgz"
  integrity sha512-LI9u/+laYG4Ds1TDKSJW2YPrIlcVYOwi2fUC6xB43lueCjgxV4lffOCZCtYFiH6TNOX+tQKXx97T4IKHbhyHEQ==
  dependencies:
    "@jridgewell/gen-mapping" "^0.3.5"
    "@jridgewell/trace-mapping" "^0.3.24"

"@jridgewell/resolve-uri@^3.1.0":
  version "3.1.2"
  resolved "https://registry.npmjs.org/@jridgewell/resolve-uri/-/resolve-uri-3.1.2.tgz"
  integrity sha512-bRISgCIjP20/tbWSPWMEi54QVPRZExkuD9lJL+UIxUKtwVJA8wW1Trb1jMs1RFXo1CBTNZ/5hpC9QvmKWdopKw==

"@jridgewell/sourcemap-codec@^1.4.14", "@jridgewell/sourcemap-codec@^1.5.0", "@jridgewell/sourcemap-codec@^1.5.5":
  version "1.5.5"
  resolved "https://registry.npmjs.org/@jridgewell/sourcemap-codec/-/sourcemap-codec-1.5.5.tgz"
  integrity sha512-cYQ9310grqxueWbl+WuIUIaiUaDcj7WOq5fVhEljNVgRfOUhY9fy2zTvfoqWsnebh8Sl70VScFbICvJnLKB0Og==

"@jridgewell/trace-mapping@^0.3.24":
  version "0.3.31"
  resolved "https://registry.npmjs.org/@jridgewell/trace-mapping/-/trace-mapping-0.3.31.tgz"
  integrity sha512-zzNR+SdQSDJzc8joaeP8QQoCQr8NuYx2dIIytl1QeBEZHJ9uW6hebsrYgbz8hJwUQao3TWCMtmfV8Nu1twOLAw==
  dependencies:
    "@jridgewell/resolve-uri" "^3.1.0"
    "@jridgewell/sourcemap-codec" "^1.4.14"

"@nodelib/fs.scandir@2.1.5":
  version "2.1.5"
  resolved "https://registry.npmjs.org/@nodelib/fs.scandir/-/fs.scandir-2.1.5.tgz"
  integrity sha512-vq24Bq3ym5HEQm2NKCr3yXDwjc7vTsEThRDnkp2DK9p1uqLR+DHurm/NOTo0KG7HYHU7eppKZj3MyqYuMBf62g==
  dependencies:
    "@nodelib/fs.stat" "2.0.5"
    run-parallel "^1.1.9"

"@nodelib/fs.stat@^2.0.2", "@nodelib/fs.stat@2.0.5":
  version "2.0.5"
  resolved "https://registry.npmjs.org/@nodelib/fs.stat/-/fs.stat-2.0.5.tgz"
  integrity sha512-RkhPPp2zrqDAQA/2jNhnztcPAlv64XdhIp7a7454A5ovI7Bukxgt7MX7udwAu3zg1DcpPU0rz3VV1SeaqvY4+A==

"@nodelib/fs.walk@^1.2.3":
  version "1.2.8"
  resolved "https://registry.npmjs.org/@nodelib/fs.walk/-/fs.walk-1.2.8.tgz"
  integrity sha512-oGB+UxlgWcgQkgwo8GcEGwemoTFt3FIO9ababBmaGwXIoBKZ+GTy0pP185beGg7Llih/NSHSV2XAs1lnznocSg==
  dependencies:
    "@nodelib/fs.scandir" "2.1.5"
    fastq "^1.6.0"

"@oxc-project/types@=0.127.0":
  version "0.127.0"
  resolved "https://registry.npmjs.org/@oxc-project/types/-/types-0.127.0.tgz"
  integrity sha512-aIYXQBo4lCbO4z0R3FHeucQHpF46l2LbMdxRvqvuRuW2OxdnSkcng5B8+K12spgLDj93rtN3+J2Vac/TIO+ciQ==

"@resvg/resvg-wasm@2.4.0":
  version "2.4.0"
  resolved "https://registry.npmjs.org/@resvg/resvg-wasm/-/resvg-wasm-2.4.0.tgz"
  integrity sha512-C7c51Nn4yTxXFKvgh2txJFNweaVcfUPQxwEUFw4aWsCmfiBDJsTSwviIF8EcwjQ6k8bPyMWCl1vw4BdxE569Cg==

"@rolldown/binding-linux-x64-gnu@1.0.0-rc.17":
  version "1.0.0-rc.17"
  resolved "https://registry.npmjs.org/@rolldown/binding-linux-x64-gnu/-/binding-linux-x64-gnu-1.0.0-rc.17.tgz"
  integrity sha512-cLnjV3xfo7KslbU41Z7z8BH/E1y5mzUYzAqih1d1MDaIGZRCMqTijqLv76/P7fyHuvUcfGsIpqCdddbxLLK9rA==

"@rolldown/binding-linux-x64-musl@1.0.0-rc.17":
  version "1.0.0-rc.17"
  resolved "https://registry.npmjs.org/@rolldown/binding-linux-x64-musl/-/binding-linux-x64-musl-1.0.0-rc.17.tgz"
  integrity sha512-0phclDw1spsL7dUB37sIARuis2tAgomCJXAHZlpt8PXZ4Ba0dRP1e+66lsRqrfhISeN9bEGNjQs+T/Fbd7oYGw==

"@rolldown/pluginutils@1.0.0-rc.17":
  version "1.0.0-rc.17"
  resolved "https://registry.npmjs.org/@rolldown/pluginutils/-/pluginutils-1.0.0-rc.17.tgz"
  integrity sha512-n8iosDOt6Ig1UhJ2AYqoIhHWh/isz0xpicHTzpKBeotdVsTEcxsSA/i3EVM7gQAj0rU27OLAxCjzlj15IWY7bg==

"@rolldown/pluginutils@1.0.0-rc.7":
  version "1.0.0-rc.7"
  resolved "https://registry.npmjs.org/@rolldown/pluginutils/-/pluginutils-1.0.0-rc.7.tgz"
  integrity sha512-qujRfC8sFVInYSPPMLQByRh7zhwkGFS4+tyMQ83srV1qrxL4g8E2tyxVVyxd0+8QeBM1mIk9KbWxkegRr76XzA==

"@shikijs/core@4.0.2":
  version "4.0.2"
  resolved "https://registry.npmjs.org/@shikijs/core/-/core-4.0.2.tgz"
  integrity sha512-hxT0YF4ExEqB8G/qFdtJvpmHXBYJ2lWW7qTHDarVkIudPFE6iCIrqdgWxGn5s+ppkGXI0aEGlibI0PAyzP3zlw==
  dependencies:
    "@shikijs/primitive" "4.0.2"
    "@shikijs/types" "4.0.2"
    "@shikijs/vscode-textmate" "^10.0.2"
    "@types/hast" "^3.0.4"
    hast-util-to-html "^9.0.5"

"@shikijs/engine-javascript@4.0.2":
  version "4.0.2"
  resolved "https://registry.npmjs.org/@shikijs/engine-javascript/-/engine-javascript-4.0.2.tgz"
  integrity sha512-7PW0Nm49DcoUIQEXlJhNNBHyoGMjalRETTCcjMqEaMoJRLljy1Bi/EGV3/qLBgLKQejdspiiYuHGQW6dX94Nag==
  dependencies:
    "@shikijs/types" "4.0.2"
    "@shikijs/vscode-textmate" "^10.0.2"
    oniguruma-to-es "^4.3.4"

"@shikijs/engine-oniguruma@4.0.2":
  version "4.0.2"
  resolved "https://registry.npmjs.org/@shikijs/engine-oniguruma/-/engine-oniguruma-4.0.2.tgz"
  integrity sha512-UpCB9Y2sUKlS9z8juFSKz7ZtysmeXCgnRF0dlhXBkmQnek7lAToPte8DkxmEYGNTMii72zU/lyXiCB6StuZeJg==
  dependencies:
    "@shikijs/types" "4.0.2"
    "@shikijs/vscode-textmate" "^10.0.2"

"@shikijs/langs@4.0.2":
  version "4.0.2"
  resolved "https://registry.npmjs.org/@shikijs/langs/-/langs-4.0.2.tgz"
  integrity sha512-KaXby5dvoeuZzN0rYQiPMjFoUrz4hgwIE+D6Du9owcHcl6/g16/yT5BQxSW5cGt2MZBz6Hl0YuRqf12omRfUUg==
  dependencies:
    "@shikijs/types" "4.0.2"

"@shikijs/primitive@4.0.2":
  version "4.0.2"
  resolved "https://registry.npmjs.org/@shikijs/primitive/-/primitive-4.0.2.tgz"
  integrity sha512-M6UMPrSa3fN5ayeJwFVl9qWofl273wtK1VG8ySDZ1mQBfhCpdd8nEx7nPZ/tk7k+TYcpqBZzj/AnwxT9lO+HJw==
  dependencies:
    "@shikijs/types" "4.0.2"
    "@shikijs/vscode-textmate" "^10.0.2"
    "@types/hast" "^3.0.4"

"@shikijs/themes@4.0.2":
  version "4.0.2"
  resolved "https://registry.npmjs.org/@shikijs/themes/-/themes-4.0.2.tgz"
  integrity sha512-mjCafwt8lJJaVSsQvNVrJumbnnj1RI8jbUKrPKgE6E3OvQKxnuRoBaYC51H4IGHePsGN/QtALglWBU7DoKDFnA==
  dependencies:
    "@shikijs/types" "4.0.2"

"@shikijs/types@4.0.2":
  version "4.0.2"
  resolved "https://registry.npmjs.org/@shikijs/types/-/types-4.0.2.tgz"
  integrity sha512-qzbeRooUTPnLE+sHD/Z8DStmaDgnbbc/pMrU203950aRqjX/6AFHeDYT+j00y2lPdz0ywJKx7o/7qnqTivtlXg==
  dependencies:
    "@shikijs/vscode-textmate" "^10.0.2"
    "@types/hast" "^3.0.4"

"@shikijs/vscode-textmate@^10.0.2":
  version "10.0.2"
  resolved "https://registry.npmjs.org/@shikijs/vscode-textmate/-/vscode-textmate-10.0.2.tgz"
  integrity sha512-83yeghZ2xxin3Nj8z1NMd/NCuca+gsYXswywDy5bHvwlWL8tpTQmzGeUuHd9FC3E/SBEMvzJRwWEOz5gGes9Qg==

"@shuding/opentype.js@1.4.0-beta.0":
  version "1.4.0-beta.0"
  resolved "https://registry.npmjs.org/@shuding/opentype.js/-/opentype.js-1.4.0-beta.0.tgz"
  integrity sha512-3NgmNyH3l/Hv6EvsWJbsvpcpUba6R8IREQ83nH83cyakCw7uM1arZKNfHwv1Wz6jgqrF/j4x5ELvR6PnK9nTcA==
  dependencies:
    fflate "^0.7.3"
    string.prototype.codepointat "^0.2.1"

"@tailwindcss/node@4.2.4":
  version "4.2.4"
  resolved "https://registry.npmjs.org/@tailwindcss/node/-/node-4.2.4.tgz"
  integrity sha512-Ai7+yQPxz3ddrDQzFfBKdHEVBg0w3Zl83jnjuwxnZOsnH9pGn93QHQtpU0p/8rYWxvbFZHneni6p1BSLK4DkGA==
  dependencies:
    "@jridgewell/remapping" "^2.3.5"
    enhanced-resolve "^5.19.0"
    jiti "^2.6.1"
    lightningcss "1.32.0"
    magic-string "^0.30.21"
    source-map-js "^1.2.1"
    tailwindcss "4.2.4"

"@tailwindcss/oxide-linux-x64-gnu@4.2.4":
  version "4.2.4"
  resolved "https://registry.npmjs.org/@tailwindcss/oxide-linux-x64-gnu/-/oxide-linux-x64-gnu-4.2.4.tgz"
  integrity sha512-7Mx25E4WTfnht0TVRTyC00j3i0M+EeFe7wguMDTlX4mRxafznw0CA8WJkFjWYH5BlgELd1kSjuU2JiPnNZbJDA==

"@tailwindcss/oxide-linux-x64-musl@4.2.4":
  version "4.2.4"
  resolved "https://registry.npmjs.org/@tailwindcss/oxide-linux-x64-musl/-/oxide-linux-x64-musl-4.2.4.tgz"
  integrity sha512-2wwJRF7nyhOR0hhHoChc04xngV3iS+akccHTGtz965FwF0up4b2lOdo6kI1EbDaEXKgvcrFBYcYQQ/rrnWFVfA==

"@tailwindcss/oxide@4.2.4":
  version "4.2.4"
  resolved "https://registry.npmjs.org/@tailwindcss/oxide/-/oxide-4.2.4.tgz"
  integrity sha512-9El/iI069DKDSXwTvB9J4BwdO5JhRrOweGaK25taBAvBXyXqJAX+Jqdvs8r8gKpsI/1m0LeJLyQYTf/WLrBT1Q==
  optionalDependencies:
    "@tailwindcss/oxide-android-arm64" "4.2.4"
    "@tailwindcss/oxide-darwin-arm64" "4.2.4"
    "@tailwindcss/oxide-darwin-x64" "4.2.4"
    "@tailwindcss/oxide-freebsd-x64" "4.2.4"
    "@tailwindcss/oxide-linux-arm-gnueabihf" "4.2.4"
    "@tailwindcss/oxide-linux-arm64-gnu" "4.2.4"
    "@tailwindcss/oxide-linux-arm64-musl" "4.2.4"
    "@tailwindcss/oxide-linux-x64-gnu" "4.2.4"
    "@tailwindcss/oxide-linux-x64-musl" "4.2.4"
    "@tailwindcss/oxide-wasm32-wasi" "4.2.4"
    "@tailwindcss/oxide-win32-arm64-msvc" "4.2.4"
    "@tailwindcss/oxide-win32-x64-msvc" "4.2.4"

"@tailwindcss/postcss@^4.2.4":
  version "4.2.4"
  resolved "https://registry.npmjs.org/@tailwindcss/postcss/-/postcss-4.2.4.tgz"
  integrity sha512-wgAVj6nUWAolAu8YFvzT2cTBIElWHkjZwFYovF+xsqKsW2ADxM/X2opxj5NsF/qVccAOjRNe8X2IdPzMsWyHTg==
  dependencies:
    "@alloc/quick-lru" "^5.2.0"
    "@tailwindcss/node" "4.2.4"
    "@tailwindcss/oxide" "4.2.4"
    postcss "^8.5.6"
    tailwindcss "4.2.4"

"@tailwindcss/vite@^4.2.4":
  version "4.2.4"
  resolved "https://registry.npmjs.org/@tailwindcss/vite/-/vite-4.2.4.tgz"
  integrity sha512-pCvohwOCspk3ZFn6eJzrrX3g4n2JY73H6MmYC87XfGPyTty4YsCjYTMArRZm/zOI8dIt3+EcrLHAFPe5A4bgtw==
  dependencies:
    "@tailwindcss/node" "4.2.4"
    "@tailwindcss/oxide" "4.2.4"
    tailwindcss "4.2.4"

"@tybys/wasm-util@^0.10.1":
  version "0.10.1"
  resolved "https://registry.npmjs.org/@tybys/wasm-util/-/wasm-util-0.10.1.tgz"
  integrity sha512-9tTaPJLSiejZKx+Bmog4uSubteqTvFrVrURwkmHixBo0G4seD0zUxp98E1DzUBJxLQ3NPwXrGKDiVjwx/DpPsg==
  dependencies:
    tslib "^2.4.0"

"@types/hast@^3.0.0", "@types/hast@^3.0.4":
  version "3.0.4"
  resolved "https://registry.npmjs.org/@types/hast/-/hast-3.0.4.tgz"
  integrity sha512-WPs+bbQw5aCj+x6laNGWLH3wviHtoCv/P3+otBhbOhJgG8qtpdAMlTCxLtsTWA7LH1Oh/bFCHsBn0TPS5m30EQ==
  dependencies:
    "@types/unist" "*"

"@types/mdast@^4.0.0":
  version "4.0.4"
  resolved "https://registry.npmjs.org/@types/mdast/-/mdast-4.0.4.tgz"
  integrity sha512-kGaNbPh1k7AFzgpud/gMdvIm5xuECykRR+JnWKQno9TAXVa6WIVCGTPvYGekIDL4uwCZQSYbUxNBSb1aUo79oA==
  dependencies:
    "@types/unist" "*"

"@types/node@^25.6.0":
  version "25.6.0"
  resolved "https://registry.npmjs.org/@types/node/-/node-25.6.0.tgz"
  integrity sha512-+qIYRKdNYJwY3vRCZMdJbPLJAtGjQBudzZzdzwQYkEPQd+PJGixUL5QfvCLDaULoLv+RhT3LDkwEfKaAkgSmNQ==
  dependencies:
    undici-types "~7.19.0"

"@types/react-dom@^19.2.3":
  version "19.2.3"
  resolved "https://registry.npmjs.org/@types/react-dom/-/react-dom-19.2.3.tgz"
  integrity sha512-jp2L/eY6fn+KgVVQAOqYItbF0VY/YApe5Mz2F0aykSO8gx31bYCZyvSeYxCHKvzHG5eZjc+zyaS5BrBWya2+kQ==

"@types/react@^19.2.14":
  version "19.2.14"
  resolved "https://registry.npmjs.org/@types/react/-/react-19.2.14.tgz"
  integrity sha512-ilcTH/UniCkMdtexkoCN0bI7pMcJDvmQFPvuPvmEaYA/NSfFTAgdUSLAoVjaRJm7+6PvcM+q1zYOwS4wTYMF9w==
  dependencies:
    csstype "^3.2.2"

"@types/unist@*", "@types/unist@^3.0.0":
  version "3.0.3"
  resolved "https://registry.npmjs.org/@types/unist/-/unist-3.0.3.tgz"
  integrity sha512-ko/gIFJRv177XgZsZcBwnqJN5x/Gien8qNOn0D5bQU/zAzVf9Zt3BlcUiLqhV9y4ARk0GbT3tnUiPNgnTXzc/Q==

"@ungap/structured-clone@^1.0.0":
  version "1.3.0"
  resolved "https://registry.npmjs.org/@ungap/structured-clone/-/structured-clone-1.3.0.tgz"
  integrity sha512-WmoN8qaIAo7WTYWbAZuG8PYEhn5fkz7dZrqTBZ7dtt//lL2Gwms1IcnQ5yHqjDfX8Ft5j4YzDM23f87zBfDe9g==

"@unpic/core@^1.0.3":
  version "1.0.3"
  resolved "https://registry.npmjs.org/@unpic/core/-/core-1.0.3.tgz"
  integrity sha512-aum9YNVUGso7MjGLD0Rp/08kywCGLqZ03/q6VQBFFakDBOXWEc8D4kPGcZ8v5wEnGRex3lE+++bOuucBp3KJ/w==
  dependencies:
    unpic "^4.2.2"

"@unpic/react@^1.0.2":
  version "1.0.2"
  resolved "https://registry.npmjs.org/@unpic/react/-/react-1.0.2.tgz"
  integrity sha512-5RmRfELwTF8w+4zjtQGqjpvX+RU2VLvis3xDCS1O2uWk0PZN2cvatL+3/KAR3mshAuRrkFGTX1XwyAezSXaoCA==
  dependencies:
    "@unpic/core" "^1.0.3"

"@vercel/og@^0.8.6":
  version "0.8.6"
  resolved "https://registry.npmjs.org/@vercel/og/-/og-0.8.6.tgz"
  integrity sha512-hBcWIOppZV14bi+eAmCZj8Elj8hVSUZJTpf1lgGBhVD85pervzQ1poM/qYfFUlPraYSZYP+ASg6To5BwYmUSGQ==
  dependencies:
    "@resvg/resvg-wasm" "2.4.0"
    satori "0.16.0"

"@vitejs/plugin-react@^6.0.1":
  version "6.0.1"
  resolved "https://registry.npmjs.org/@vitejs/plugin-react/-/plugin-react-6.0.1.tgz"
  integrity sha512-l9X/E3cDb+xY3SWzlG1MOGt2usfEHGMNIaegaUGFsLkb3RCn/k8/TOXBcab+OndDI4TBtktT8/9BwwW8Vi9KUQ==
  dependencies:
    "@rolldown/pluginutils" "1.0.0-rc.7"

acorn@^8.12.1:
  version "8.16.0"
  resolved "https://registry.npmjs.org/acorn/-/acorn-8.16.0.tgz"
  integrity sha512-UVJyE9MttOsBQIDKw1skb9nAwQuR5wuGD3+82K6JgJlm/Y+KI92oNsMNGZCYdDsVtRHSak0pcV5Dno5+4jh9sw==

base64-js@0.0.8:
  version "0.0.8"
  resolved "https://registry.npmjs.org/base64-js/-/base64-js-0.0.8.tgz"
  integrity sha512-3XSA2cR/h/73EzlXXdU6YNycmYI7+kicTxks4eJg2g39biHR84slg2+des+p7iHYhbRg/udIS4TD53WabcOUkw==

braces@^3.0.3:
  version "3.0.3"
  resolved "https://registry.npmjs.org/braces/-/braces-3.0.3.tgz"
  integrity sha512-yQbXgO/OSZVD2IsiLlro+7Hf6Q18EJrKSEsdoMzKePKXct3gvD8oLcOQdIzGupr5Fj+EDe8gO/lxc1BzfMpxvA==
  dependencies:
    fill-range "^7.1.1"

camelize@^1.0.0:
  version "1.0.1"
  resolved "https://registry.npmjs.org/camelize/-/camelize-1.0.1.tgz"
  integrity sha512-dU+Tx2fsypxTgtLoE36npi3UqcjSSMNYfkqgmoEhtZrraP5VWq0K7FkWVTYa8eMPtnU/G2txVsfdCJTn9uzpuQ==

ccount@^2.0.0:
  version "2.0.1"
  resolved "https://registry.npmjs.org/ccount/-/ccount-2.0.1.tgz"
  integrity sha512-eyrF0jiFpY+3drT6383f1qhkbGsLSifNAjA61IUjZjmLCWjItY6LB9ft9YhoDgwfmclB2zhu51Lc7+95b8NRAg==

character-entities-html4@^2.0.0:
  version "2.1.0"
  resolved "https://registry.npmjs.org/character-entities-html4/-/character-entities-html4-2.1.0.tgz"
  integrity sha512-1v7fgQRj6hnSwFpq1Eu0ynr/CDEw0rXo2B61qXrLNdHZmPKgb7fqS1a2JwF0rISo9q77jDI8VMEHoApn8qDoZA==

character-entities-legacy@^3.0.0:
  version "3.0.0"
  resolved "https://registry.npmjs.org/character-entities-legacy/-/character-entities-legacy-3.0.0.tgz"
  integrity sha512-RpPp0asT/6ufRm//AJVwpViZbGM/MkjQFxJccQRHmISF/22NBtsHqAWmL+/pmkPWoIUJdWyeVleTl1wydHATVQ==

color-name@^1.1.4:
  version "1.1.4"
  resolved "https://registry.npmjs.org/color-name/-/color-name-1.1.4.tgz"
  integrity sha512-dOy+3AuW3a2wNbZHIuMZpTcgjGuLU/uBL/ubcZF9OXbDo8ff4O8yVp5Bf0efS8uEoYo5q4Fx7dY9OgQGXgAsQA==

comma-separated-tokens@^2.0.0:
  version "2.0.3"
  resolved "https://registry.npmjs.org/comma-separated-tokens/-/comma-separated-tokens-2.0.3.tgz"
  integrity sha512-Fu4hJdvzeylCfQPp9SGWidpzrMs7tTrlu6Vb8XGaRGck8QSNZJJp538Wrb60Lax4fPwR64ViY468OIUTbRlGZg==

css-background-parser@^0.1.0:
  version "0.1.0"
  resolved "https://registry.npmjs.org/css-background-parser/-/css-background-parser-0.1.0.tgz"
  integrity sha512-2EZLisiZQ+7m4wwur/qiYJRniHX4K5Tc9w93MT3AS0WS1u5kaZ4FKXlOTBhOjc+CgEgPiGY+fX1yWD8UwpEqUA==

css-box-shadow@1.0.0-3:
  version "1.0.0-3"
  resolved "https://registry.npmjs.org/css-box-shadow/-/css-box-shadow-1.0.0-3.tgz"
  integrity sha512-9jaqR6e7Ohds+aWwmhe6wILJ99xYQbfmK9QQB9CcMjDbTxPZjwEmUQpU91OG05Xgm8BahT5fW+svbsQGjS/zPg==

css-color-keywords@^1.0.0:
  version "1.0.0"
  resolved "https://registry.npmjs.org/css-color-keywords/-/css-color-keywords-1.0.0.tgz"
  integrity sha512-FyyrDHZKEjXDpNJYvVsV960FiqQyXc/LlYmsxl2BcdMb2WPx0OGRVgTg55rPSyLSNMqP52R9r8geSp7apN3Ofg==

css-gradient-parser@^0.0.16:
  version "0.0.16"
  resolved "https://registry.npmjs.org/css-gradient-parser/-/css-gradient-parser-0.0.16.tgz"
  integrity sha512-3O5QdqgFRUbXvK1x5INf1YkBz1UKSWqrd63vWsum8MNHDBYD5urm3QtxZbKU259OrEXNM26lP/MPY3d1IGkBgA==

css-to-react-native@^3.0.0:
  version "3.2.0"
  resolved "https://registry.npmjs.org/css-to-react-native/-/css-to-react-native-3.2.0.tgz"
  integrity sha512-e8RKaLXMOFii+02mOlqwjbD00KSEKqblnpO9e++1aXS1fPQOpS1YoqdVHBqPjHNoxeF2mimzVqawm2KCbEdtHQ==
  dependencies:
    camelize "^1.0.0"
    css-color-keywords "^1.0.0"
    postcss-value-parser "^4.0.2"

csstype@^3.2.2:
  version "3.2.3"
  resolved "https://registry.npmjs.org/csstype/-/csstype-3.2.3.tgz"
  integrity sha512-z1HGKcYy2xA8AGQfwrn0PAy+PB7X/GSj3UVJW9qKyn43xWa+gl5nXmU4qqLMRzWVLFC8KusUX8T/0kCiOYpAIQ==

debug@^4.1.1:
  version "4.4.3"
  resolved "https://registry.npmjs.org/debug/-/debug-4.4.3.tgz"
  integrity sha512-RGwwWnwQvkVfavKVt22FGLw+xYSdzARwm0ru6DhTVA3umU5hZc28V3kO4stgYryrTlLpuvgI9GiijltAjNbcqA==
  dependencies:
    ms "^2.1.3"

dequal@^2.0.0:
  version "2.0.3"
  resolved "https://registry.npmjs.org/dequal/-/dequal-2.0.3.tgz"
  integrity sha512-0je+qPKHEMohvfRTCEo3CrPG6cAzAYgmzKyxRiYSSDkS6eGJdyVJm7WaYA5ECaAD9wLB2T4EEeymA5aFVcYXCA==

detect-libc@^2.0.3:
  version "2.1.2"
  resolved "https://registry.npmjs.org/detect-libc/-/detect-libc-2.1.2.tgz"
  integrity sha512-Btj2BOOO83o3WyH59e8MgXsxEQVcarkUOpEYrubB0urwnN10yQ364rsiByU11nZlqWYZm05i/of7io4mzihBtQ==

devlop@^1.0.0:
  version "1.1.0"
  resolved "https://registry.npmjs.org/devlop/-/devlop-1.1.0.tgz"
  integrity sha512-RWmIqhcFf1lRYBvNmr7qTNuyCt/7/ns2jbpp1+PalgE/rDQcBT0fioSMUpJ93irlUhC5hrg4cYqe6U+0ImW0rA==
  dependencies:
    dequal "^2.0.0"

emoji-regex-xs@^2.0.1:
  version "2.0.1"
  resolved "https://registry.npmjs.org/emoji-regex-xs/-/emoji-regex-xs-2.0.1.tgz"
  integrity sha512-1QFuh8l7LqUcKe24LsPUNzjrzJQ7pgRwp1QMcZ5MX6mFplk2zQ08NVCM84++1cveaUUYtcCYHmeFEuNg16sU4g==

enhanced-resolve@^5.19.0:
  version "5.21.0"
  resolved "https://registry.npmjs.org/enhanced-resolve/-/enhanced-resolve-5.21.0.tgz"
  integrity sha512-otxSQPw4lkOZWkHpB3zaEQs6gWYEsmX4xQF68ElXC/TWvGxGMSGOvoNbaLXm6/cS/fSfHtsEdw90y20PCd+sCA==
  dependencies:
    graceful-fs "^4.2.4"
    tapable "^2.3.3"

es-module-lexer@^1.5.4:
  version "1.7.0"
  resolved "https://registry.npmjs.org/es-module-lexer/-/es-module-lexer-1.7.0.tgz"
  integrity sha512-jEQoCwk8hyb2AZziIOLhDqpm5+2ww5uIE6lkO/6jcOCusfk6LhMHpXXfBLXTZ7Ydyt0j4VoUQv6uGNYbdW+kBA==

escape-html@^1.0.3:
  version "1.0.3"
  resolved "https://registry.npmjs.org/escape-html/-/escape-html-1.0.3.tgz"
  integrity sha512-NiSupZ4OeuGwr68lGIeym/ksIZMJodUGOSCZ/FSnTxcrekbvqrgdUxlJOMpijaKZVjAJrWrGs/6Jy8OMuyj9ow==

fast-glob@^3.3.2:
  version "3.3.3"
  resolved "https://registry.npmjs.org/fast-glob/-/fast-glob-3.3.3.tgz"
  integrity sha512-7MptL8U0cqcFdzIzwOTHoilX9x5BrNqye7Z/LuC7kCMRio1EMSyqRK3BEAUD7sXRq4iT4AzTVuZdhgQ2TCvYLg==
  dependencies:
    "@nodelib/fs.stat" "^2.0.2"
    "@nodelib/fs.walk" "^1.2.3"
    glob-parent "^5.1.2"
    merge2 "^1.3.0"
    micromatch "^4.0.8"

fastq@^1.6.0:
  version "1.20.1"
  resolved "https://registry.npmjs.org/fastq/-/fastq-1.20.1.tgz"
  integrity sha512-GGToxJ/w1x32s/D2EKND7kTil4n8OVk/9mycTc4VDza13lOvpUZTGX3mFSCtV9ksdGBVzvsyAVLM6mHFThxXxw==
  dependencies:
    reusify "^1.0.4"

fdir@^6.5.0:
  version "6.5.0"
  resolved "https://registry.npmjs.org/fdir/-/fdir-6.5.0.tgz"
  integrity sha512-tIbYtZbucOs0BRGqPJkshJUYdL+SDH7dVM8gjy+ERp3WAUjLEFJE+02kanyHtwjWOnwrKYBiwAmM0p4kLJAnXg==

fflate@^0.7.3:
  version "0.7.4"
  resolved "https://registry.npmjs.org/fflate/-/fflate-0.7.4.tgz"
  integrity sha512-5u2V/CDW15QM1XbbgS+0DfPxVB+jUKhWEKuuFuHncbk3tEEqzmoXL+2KyOFuKGqOnmdIy0/davWF1CkuwtibCw==

fill-range@^7.1.1:
  version "7.1.1"
  resolved "https://registry.npmjs.org/fill-range/-/fill-range-7.1.1.tgz"
  integrity sha512-YsGpe3WHLK8ZYi4tWDg2Jy3ebRz2rXowDxnld4bkQB00cc/1Zw9AWnC0i9ztDJitivtQvaI9KaLyKrc+hBW0yg==
  dependencies:
    to-regex-range "^5.0.1"

glob-parent@^5.1.2:
  version "5.1.2"
  resolved "https://registry.npmjs.org/glob-parent/-/glob-parent-5.1.2.tgz"
  integrity sha512-AOIgSQCepiJYwP3ARnGx+5VnTu2HBYdzbGP45eLw1vr3zB3vZLeyed1sC9hnbcOc9/SrMyM5RPQrkGz4aS9Zow==
  dependencies:
    is-glob "^4.0.1"

globrex@^0.1.2:
  version "0.1.2"
  resolved "https://registry.npmjs.org/globrex/-/globrex-0.1.2.tgz"
  integrity sha512-uHJgbwAMwNFf5mLst7IWLNg14x1CkeqglJb/K3doi4dw6q2IvAAmM/Y81kevy83wP+Sst+nutFTYOGg3d1lsxg==

graceful-fs@^4.2.4:
  version "4.2.11"
  resolved "https://registry.npmjs.org/graceful-fs/-/graceful-fs-4.2.11.tgz"
  integrity sha512-RbJ5/jmFcNNCcDV5o9eTnBLJ/HszWV0P73bc+Ff4nS/rJj+YaS6IGyiOL0VoBYX+l1Wrl3k63h/KrH+nhJ0XvQ==

hast-util-to-html@^9.0.5:
  version "9.0.5"
  resolved "https://registry.npmjs.org/hast-util-to-html/-/hast-util-to-html-9.0.5.tgz"
  integrity sha512-OguPdidb+fbHQSU4Q4ZiLKnzWo8Wwsf5bZfbvu7//a9oTYoqD/fWpe96NuHkoS9h0ccGOTe0C4NGXdtS0iObOw==
  dependencies:
    "@types/hast" "^3.0.0"
    "@types/unist" "^3.0.0"
    ccount "^2.0.0"
    comma-separated-tokens "^2.0.0"
    hast-util-whitespace "^3.0.0"
    html-void-elements "^3.0.0"
    mdast-util-to-hast "^13.0.0"
    property-information "^7.0.0"
    space-separated-tokens "^2.0.0"
    stringify-entities "^4.0.0"
    zwitch "^2.0.4"

hast-util-whitespace@^3.0.0:
  version "3.0.0"
  resolved "https://registry.npmjs.org/hast-util-whitespace/-/hast-util-whitespace-3.0.0.tgz"
  integrity sha512-88JUN06ipLwsnv+dVn+OIYOvAuvBMy/Qoi6O7mQHxdPXpjy+Cd6xRkWwux7DKO+4sYILtLBRIKgsdpS2gQc7qw==
  dependencies:
    "@types/hast" "^3.0.0"

hex-rgb@^4.1.0:
  version "4.3.0"
  resolved "https://registry.npmjs.org/hex-rgb/-/hex-rgb-4.3.0.tgz"
  integrity sha512-Ox1pJVrDCyGHMG9CFg1tmrRUMRPRsAWYc/PinY0XzJU4K7y7vjNoLKIQ7BR5UJMCxNN8EM1MNDmHWA/B3aZUuw==

html-void-elements@^3.0.0:
  version "3.0.0"
  resolved "https://registry.npmjs.org/html-void-elements/-/html-void-elements-3.0.0.tgz"
  integrity sha512-bEqo66MRXsUGxWHV5IP0PUiAWwoEjba4VCzg0LjFJBpchPaTfyfCKTG6bc5F8ucKec3q5y6qOdGyYTSBEvhCrg==

is-extglob@^2.1.1:
  version "2.1.1"
  resolved "https://registry.npmjs.org/is-extglob/-/is-extglob-2.1.1.tgz"
  integrity sha512-SbKbANkN603Vi4jEZv49LeVJMn4yGwsbzZworEoyEiutsN3nJYdbO36zfhGJ6QEDpOZIFkDtnq5JRxmvl3jsoQ==

is-glob@^4.0.1:
  version "4.0.3"
  resolved "https://registry.npmjs.org/is-glob/-/is-glob-4.0.3.tgz"
  integrity sha512-xelSayHH36ZgE7ZWhli7pW34hNbNl8Ojv5KVmkJD4hBdD3th8Tfk9vYasLM+mXWOZhFkgZfxhLSnrwRr4elSSg==
  dependencies:
    is-extglob "^2.1.1"

is-number@^7.0.0:
  version "7.0.0"
  resolved "https://registry.npmjs.org/is-number/-/is-number-7.0.0.tgz"
  integrity sha512-41Cifkg6e8TylSpdtTpeLVMqvSBEVzTttHvERD741+pnZ8ANv0004MRL43QKPDlK9cGvNp6NZWZUBlbGXYxxng==

jiti@^2.6.1:
  version "2.6.1"
  resolved "https://registry.npmjs.org/jiti/-/jiti-2.6.1.tgz"
  integrity sha512-ekilCSN1jwRvIbgeg/57YFh8qQDNbwDb9xT/qu2DAHbFFZUicIl4ygVaAvzveMhMVr3LnpSKTNnwt8PoOfmKhQ==

lightningcss-linux-x64-gnu@1.32.0:
  version "1.32.0"
  resolved "https://registry.npmjs.org/lightningcss-linux-x64-gnu/-/lightningcss-linux-x64-gnu-1.32.0.tgz"
  integrity sha512-V7Qr52IhZmdKPVr+Vtw8o+WLsQJYCTd8loIfpDaMRWGUZfBOYEJeyJIkqGIDMZPwPx24pUMfwSxxI8phr/MbOA==

lightningcss-linux-x64-musl@1.32.0:
  version "1.32.0"
  resolved "https://registry.npmjs.org/lightningcss-linux-x64-musl/-/lightningcss-linux-x64-musl-1.32.0.tgz"
  integrity sha512-bYcLp+Vb0awsiXg/80uCRezCYHNg1/l3mt0gzHnWV9XP1W5sKa5/TCdGWaR/zBM2PeF/HbsQv/j2URNOiVuxWg==

lightningcss@^1.32.0, lightningcss@1.32.0:
  version "1.32.0"
  resolved "https://registry.npmjs.org/lightningcss/-/lightningcss-1.32.0.tgz"
  integrity sha512-NXYBzinNrblfraPGyrbPoD19C1h9lfI/1mzgWYvXUTe414Gz/X1FD2XBZSZM7rRTrMA8JL3OtAaGifrIKhQ5yQ==
  dependencies:
    detect-libc "^2.0.3"
  optionalDependencies:
    lightningcss-android-arm64 "1.32.0"
    lightningcss-darwin-arm64 "1.32.0"
    lightningcss-darwin-x64 "1.32.0"
    lightningcss-freebsd-x64 "1.32.0"
    lightningcss-linux-arm-gnueabihf "1.32.0"
    lightningcss-linux-arm64-gnu "1.32.0"
    lightningcss-linux-arm64-musl "1.32.0"
    lightningcss-linux-x64-gnu "1.32.0"
    lightningcss-linux-x64-musl "1.32.0"
    lightningcss-win32-arm64-msvc "1.32.0"
    lightningcss-win32-x64-msvc "1.32.0"

linebreak@^1.1.0:
  version "1.1.0"
  resolved "https://registry.npmjs.org/linebreak/-/linebreak-1.1.0.tgz"
  integrity sha512-MHp03UImeVhB7XZtjd0E4n6+3xr5Dq/9xI/5FptGk5FrbDR3zagPa2DS6U8ks/3HjbKWG9Q1M2ufOzxV2qLYSQ==
  dependencies:
    base64-js "0.0.8"
    unicode-trie "^2.0.0"

magic-string@^0.30.11, magic-string@^0.30.21:
  version "0.30.21"
  resolved "https://registry.npmjs.org/magic-string/-/magic-string-0.30.21.tgz"
  integrity sha512-vd2F4YUyEXKGcLHoq+TEyCjxueSeHnFxyyjNp80yg0XV4vUhnDer/lvvlqM/arB5bXQN5K2/3oinyCRyx8T2CQ==
  dependencies:
    "@jridgewell/sourcemap-codec" "^1.5.5"

marked@^18.0.2:
  version "18.0.2"
  resolved "https://registry.npmjs.org/marked/-/marked-18.0.2.tgz"
  integrity sha512-NsmlUYBS/Zg57rgDWMYdnre6OTj4e+qq/JS2ot3KrYLSoHLw+sDu0Nm1ZGpRgYAq6c+b1ekaY5NzVchMCQnzcg==

mdast-util-to-hast@^13.0.0:
  version "13.2.1"
  resolved "https://registry.npmjs.org/mdast-util-to-hast/-/mdast-util-to-hast-13.2.1.tgz"
  integrity sha512-cctsq2wp5vTsLIcaymblUriiTcZd0CwWtCbLvrOzYCDZoWyMNV8sZ7krj09FSnsiJi3WVsHLM4k6Dq/yaPyCXA==
  dependencies:
    "@types/hast" "^3.0.0"
    "@types/mdast" "^4.0.0"
    "@ungap/structured-clone" "^1.0.0"
    devlop "^1.0.0"
    micromark-util-sanitize-uri "^2.0.0"
    trim-lines "^3.0.0"
    unist-util-position "^5.0.0"
    unist-util-visit "^5.0.0"
    vfile "^6.0.0"

merge2@^1.3.0:
  version "1.4.1"
  resolved "https://registry.npmjs.org/merge2/-/merge2-1.4.1.tgz"
  integrity sha512-8q7VEgMJW4J8tcfVPy8g09NcQwZdbwFEqhe/WZkoIzjn/3TGDwtOCYtXGxA3O8tPzpczCCDgv+P2P5y00ZJOOg==

micromark-util-character@^2.0.0:
  version "2.1.1"
  resolved "https://registry.npmjs.org/micromark-util-character/-/micromark-util-character-2.1.1.tgz"
  integrity sha512-wv8tdUTJ3thSFFFJKtpYKOYiGP2+v96Hvk4Tu8KpCAsTMs6yi+nVmGh1syvSCsaxz45J6Jbw+9DD6g97+NV67Q==
  dependencies:
    micromark-util-symbol "^2.0.0"
    micromark-util-types "^2.0.0"

micromark-util-encode@^2.0.0:
  version "2.0.1"
  resolved "https://registry.npmjs.org/micromark-util-encode/-/micromark-util-encode-2.0.1.tgz"
  integrity sha512-c3cVx2y4KqUnwopcO9b/SCdo2O67LwJJ/UyqGfbigahfegL9myoEFoDYZgkT7f36T0bLrM9hZTAaAyH+PCAXjw==

micromark-util-sanitize-uri@^2.0.0:
  version "2.0.1"
  resolved "https://registry.npmjs.org/micromark-util-sanitize-uri/-/micromark-util-sanitize-uri-2.0.1.tgz"
  integrity sha512-9N9IomZ/YuGGZZmQec1MbgxtlgougxTodVwDzzEouPKo3qFWvymFHWcnDi2vzV1ff6kas9ucW+o3yzJK9YB1AQ==
  dependencies:
    micromark-util-character "^2.0.0"
    micromark-util-encode "^2.0.0"
    micromark-util-symbol "^2.0.0"

micromark-util-symbol@^2.0.0:
  version "2.0.1"
  resolved "https://registry.npmjs.org/micromark-util-symbol/-/micromark-util-symbol-2.0.1.tgz"
  integrity sha512-vs5t8Apaud9N28kgCrRUdEed4UJ+wWNvicHLPxCa9ENlYuAY31M0ETy5y1vA33YoNPDFTghEbnh6efaE8h4x0Q==

micromark-util-types@^2.0.0:
  version "2.0.2"
  resolved "https://registry.npmjs.org/micromark-util-types/-/micromark-util-types-2.0.2.tgz"
  integrity sha512-Yw0ECSpJoViF1qTU4DC6NwtC4aWGt1EkzaQB8KPPyCRR8z9TWeV0HbEFGTO+ZY1wB22zmxnJqhPyTpOVCpeHTA==

micromatch@^4.0.8:
  version "4.0.8"
  resolved "https://registry.npmjs.org/micromatch/-/micromatch-4.0.8.tgz"
  integrity sha512-PXwfBhYu0hBCPw8Dn0E+WDYb7af3dSLVWKi3HGv84IdF4TyFoC0ysxFd0Goxw7nSv4T/PzEJQxsYsEiFCKo2BA==
  dependencies:
    braces "^3.0.3"
    picomatch "^2.3.1"

ms@^2.1.3:
  version "2.1.3"
  resolved "https://registry.npmjs.org/ms/-/ms-2.1.3.tgz"
  integrity sha512-6FlzubTLZG3J2a/NVCAleEhjzq5oxgHyaCU9yYXvcLsvoVaHJq/s5xXI6/XXP6tz7R9xAOtHnSO/tXtF3WRTlA==

nanoid@^3.3.11:
  version "3.3.11"
  resolved "https://registry.npmjs.org/nanoid/-/nanoid-3.3.11.tgz"
  integrity sha512-N8SpfPUnUp1bK+PMYW8qSWdl9U+wwNWI4QKxOYDy9JAro3WMX7p2OeVRF9v+347pnakNevPmiHhNmZ2HbFA76w==

oniguruma-parser@^0.12.2:
  version "0.12.2"
  resolved "https://registry.npmjs.org/oniguruma-parser/-/oniguruma-parser-0.12.2.tgz"
  integrity sha512-6HVa5oIrgMC6aA6WF6XyyqbhRPJrKR02L20+2+zpDtO5QAzGHAUGw5TKQvwi5vctNnRHkJYmjAhRVQF2EKdTQw==

oniguruma-to-es@^4.3.4:
  version "4.3.6"
  resolved "https://registry.npmjs.org/oniguruma-to-es/-/oniguruma-to-es-4.3.6.tgz"
  integrity sha512-csuQ9x3Yr0cEIs/Zgx/OEt9iBw9vqIunAPQkx19R/fiMq2oGVTgcMqO/V3Ybqefr1TBvosI6jU539ksaBULJyA==
  dependencies:
    oniguruma-parser "^0.12.2"
    regex "^6.1.0"
    regex-recursion "^6.0.2"

pako@^0.2.5:
  version "0.2.9"
  resolved "https://registry.npmjs.org/pako/-/pako-0.2.9.tgz"
  integrity sha512-NUcwaKxUxWrZLpDG+z/xZaCgQITkA/Dv4V/T6bw7VON6l1Xz/VnrBqrYjZQ12TamKHzITTfOEIYUj48y2KXImA==

parse-css-color@^0.2.1:
  version "0.2.1"
  resolved "https://registry.npmjs.org/parse-css-color/-/parse-css-color-0.2.1.tgz"
  integrity sha512-bwS/GGIFV3b6KS4uwpzCFj4w297Yl3uqnSgIPsoQkx7GMLROXfMnWvxfNkL0oh8HVhZA4hvJoEoEIqonfJ3BWg==
  dependencies:
    color-name "^1.1.4"
    hex-rgb "^4.1.0"

picocolors@^1.1.1:
  version "1.1.1"
  resolved "https://registry.npmjs.org/picocolors/-/picocolors-1.1.1.tgz"
  integrity sha512-xceH2snhtb5M9liqDsmEw56le376mTZkEX/jEb/RxNFyegNul7eNslCXP9FDj/Lcu0X8KEyMceP2ntpaHrDEVA==

picomatch@^2.3.1:
  version "2.3.2"
  resolved "https://registry.npmjs.org/picomatch/-/picomatch-2.3.2.tgz"
  integrity sha512-V7+vQEJ06Z+c5tSye8S+nHUfI51xoXIXjHQ99cQtKUkQqqO1kO/KCJUfZXuB47h/YBlDhah2H3hdUGXn8ie0oA==

picomatch@^4.0.4:
  version "4.0.4"
  resolved "https://registry.npmjs.org/picomatch/-/picomatch-4.0.4.tgz"
  integrity sha512-QP88BAKvMam/3NxH6vj2o21R6MjxZUAd6nlwAS/pnGvN9IVLocLHxGYIzFhg6fUQ+5th6P4dv4eW9jX3DSIj7A==

postcss-value-parser@^4.0.2, postcss-value-parser@^4.2.0:
  version "4.2.0"
  resolved "https://registry.npmjs.org/postcss-value-parser/-/postcss-value-parser-4.2.0.tgz"
  integrity sha512-1NNCs6uurfkVbeXG4S8JFT9t19m45ICnif8zWLd5oPSZ50QnwMfK+H3jv408d4jw/7Bttv5axS5IiHoLaVNHeQ==

postcss@^8.5.10, postcss@^8.5.6:
  version "8.5.10"
  resolved "https://registry.npmjs.org/postcss/-/postcss-8.5.10.tgz"
  integrity sha512-pMMHxBOZKFU6HgAZ4eyGnwXF/EvPGGqUr0MnZ5+99485wwW41kW91A4LOGxSHhgugZmSChL5AlElNdwlNgcnLQ==
  dependencies:
    nanoid "^3.3.11"
    picocolors "^1.1.1"
    source-map-js "^1.2.1"

property-information@^7.0.0:
  version "7.1.0"
  resolved "https://registry.npmjs.org/property-information/-/property-information-7.1.0.tgz"
  integrity sha512-TwEZ+X+yCJmYfL7TPUOcvBZ4QfoT5YenQiJuX//0th53DE6w0xxLEtfK3iyryQFddXuvkIk51EEgrJQ0WJkOmQ==

queue-microtask@^1.2.2:
  version "1.2.3"
  resolved "https://registry.npmjs.org/queue-microtask/-/queue-microtask-1.2.3.tgz"
  integrity sha512-NuaNSa6flKT5JaSYQzJok04JzTL1CA6aGhv5rfLW3PgqA+M2ChpZQnAC8h8i4ZFkBS8X5RqkDBHA7r4hej3K9A==

react-dom@^19.2.4:
  version "19.2.4"
  resolved "https://registry.npmjs.org/react-dom/-/react-dom-19.2.4.tgz"
  integrity sha512-AXJdLo8kgMbimY95O2aKQqsz2iWi9jMgKJhRBAxECE4IFxfcazB2LmzloIoibJI3C12IlY20+KFaLv+71bUJeQ==
  dependencies:
    scheduler "^0.27.0"

react@^19.2.4:
  version "19.2.4"
  resolved "https://registry.npmjs.org/react/-/react-19.2.4.tgz"
  integrity sha512-9nfp2hYpCwOjAN+8TZFGhtWEwgvWHXqESH8qT89AT/lWklpLON22Lc8pEtnpsZz7VmawabSU0gCjnj8aC0euHQ==

regex-recursion@^6.0.2:
  version "6.0.2"
  resolved "https://registry.npmjs.org/regex-recursion/-/regex-recursion-6.0.2.tgz"
  integrity sha512-0YCaSCq2VRIebiaUviZNs0cBz1kg5kVS2UKUfNIx8YVs1cN3AV7NTctO5FOKBA+UT2BPJIWZauYHPqJODG50cg==
  dependencies:
    regex-utilities "^2.3.0"

regex-utilities@^2.3.0:
  version "2.3.0"
  resolved "https://registry.npmjs.org/regex-utilities/-/regex-utilities-2.3.0.tgz"
  integrity sha512-8VhliFJAWRaUiVvREIiW2NXXTmHs4vMNnSzuJVhscgmGav3g9VDxLrQndI3dZZVVdp0ZO/5v0xmX516/7M9cng==

regex@^6.1.0:
  version "6.1.0"
  resolved "https://registry.npmjs.org/regex/-/regex-6.1.0.tgz"
  integrity sha512-6VwtthbV4o/7+OaAF9I5L5V3llLEsoPyq9P1JVXkedTP33c7MfCG0/5NOPcSJn0TzXcG9YUrR0gQSWioew3LDg==
  dependencies:
    regex-utilities "^2.3.0"

reusify@^1.0.4:
  version "1.1.0"
  resolved "https://registry.npmjs.org/reusify/-/reusify-1.1.0.tgz"
  integrity sha512-g6QUff04oZpHs0eG5p83rFLhHeV00ug/Yf9nZM6fLeUrPguBTkTQOdpAWWspMh55TZfVQDPaN3NQJfbVRAxdIw==

rolldown@1.0.0-rc.17:
  version "1.0.0-rc.17"
  resolved "https://registry.npmjs.org/rolldown/-/rolldown-1.0.0-rc.17.tgz"
  integrity sha512-ZrT53oAKrtA4+YtBWPQbtPOxIbVDbxT0orcYERKd63VJTF13zPcgXTvD4843L8pcsI7M6MErt8QtON6lrB9tyA==
  dependencies:
    "@oxc-project/types" "=0.127.0"
    "@rolldown/pluginutils" "1.0.0-rc.17"
  optionalDependencies:
    "@rolldown/binding-android-arm64" "1.0.0-rc.17"
    "@rolldown/binding-darwin-arm64" "1.0.0-rc.17"
    "@rolldown/binding-darwin-x64" "1.0.0-rc.17"
    "@rolldown/binding-freebsd-x64" "1.0.0-rc.17"
    "@rolldown/binding-linux-arm-gnueabihf" "1.0.0-rc.17"
    "@rolldown/binding-linux-arm64-gnu" "1.0.0-rc.17"
    "@rolldown/binding-linux-arm64-musl" "1.0.0-rc.17"
    "@rolldown/binding-linux-ppc64-gnu" "1.0.0-rc.17"
    "@rolldown/binding-linux-s390x-gnu" "1.0.0-rc.17"
    "@rolldown/binding-linux-x64-gnu" "1.0.0-rc.17"
    "@rolldown/binding-linux-x64-musl" "1.0.0-rc.17"
    "@rolldown/binding-openharmony-arm64" "1.0.0-rc.17"
    "@rolldown/binding-wasm32-wasi" "1.0.0-rc.17"
    "@rolldown/binding-win32-arm64-msvc" "1.0.0-rc.17"
    "@rolldown/binding-win32-x64-msvc" "1.0.0-rc.17"

run-parallel@^1.1.9:
  version "1.2.0"
  resolved "https://registry.npmjs.org/run-parallel/-/run-parallel-1.2.0.tgz"
  integrity sha512-5l4VyZR86LZ/lDxZTR6jqL8AFE2S0IFLMP26AbjsLVADxHdhB/c0GUsH+y39UfCi3dzz8OlQuPmnaJOMoDHQBA==
  dependencies:
    queue-microtask "^1.2.2"

satori@0.16.0:
  version "0.16.0"
  resolved "https://registry.npmjs.org/satori/-/satori-0.16.0.tgz"
  integrity sha512-ZvHN3ygzZ8FuxjSNB+mKBiF/NIoqHzlBGbD0MJiT+MvSsFOvotnWOhdTjxKzhHRT2wPC1QbhLzx2q/Y83VhfYQ==
  dependencies:
    "@shuding/opentype.js" "1.4.0-beta.0"
    css-background-parser "^0.1.0"
    css-box-shadow "1.0.0-3"
    css-gradient-parser "^0.0.16"
    css-to-react-native "^3.0.0"
    emoji-regex-xs "^2.0.1"
    escape-html "^1.0.3"
    linebreak "^1.1.0"
    parse-css-color "^0.2.1"
    postcss-value-parser "^4.2.0"
    yoga-layout "^3.2.1"

scheduler@^0.27.0:
  version "0.27.0"
  resolved "https://registry.npmjs.org/scheduler/-/scheduler-0.27.0.tgz"
  integrity sha512-eNv+WrVbKu1f3vbYJT/xtiF5syA5HPIMtf9IgY/nKg0sWqzAUEvqY/xm7OcZc/qafLx/iO9FgOmeSAp4v5ti/Q==

shiki@^4.0.2:
  version "4.0.2"
  resolved "https://registry.npmjs.org/shiki/-/shiki-4.0.2.tgz"
  integrity sha512-eAVKTMedR5ckPo4xne/PjYQYrU3qx78gtJZ+sHlXEg5IHhhoQhMfZVzetTYuaJS0L2Ef3AcCRzCHV8T0WI6nIQ==
  dependencies:
    "@shikijs/core" "4.0.2"
    "@shikijs/engine-javascript" "4.0.2"
    "@shikijs/engine-oniguruma" "4.0.2"
    "@shikijs/langs" "4.0.2"
    "@shikijs/themes" "4.0.2"
    "@shikijs/types" "4.0.2"
    "@shikijs/vscode-textmate" "^10.0.2"
    "@types/hast" "^3.0.4"

source-map-js@^1.2.1:
  version "1.2.1"
  resolved "https://registry.npmjs.org/source-map-js/-/source-map-js-1.2.1.tgz"
  integrity sha512-UXWMKhLOwVKb728IUtQPXxfYU+usdybtUrK/8uGE8CQMvrhOpwvzDBwj0QhSL7MQc7vIsISBG8VQ8+IDQxpfQA==

space-separated-tokens@^2.0.0:
  version "2.0.2"
  resolved "https://registry.npmjs.org/space-separated-tokens/-/space-separated-tokens-2.0.2.tgz"
  integrity sha512-PEGlAwrG8yXGXRjW32fGbg66JAlOAwbObuqVoJpv/mRgoWDQfgH1wDPvtzWyUSNAXBGSk8h755YDbbcEy3SH2Q==

string.prototype.codepointat@^0.2.1:
  version "0.2.1"
  resolved "https://registry.npmjs.org/string.prototype.codepointat/-/string.prototype.codepointat-0.2.1.tgz"
  integrity sha512-2cBVCj6I4IOvEnjgO/hWqXjqBGsY+zwPmHl12Srk9IXSZ56Jwwmy+66XO5Iut/oQVR7t5ihYdLB0GMa4alEUcg==

stringify-entities@^4.0.0:
  version "4.0.4"
  resolved "https://registry.npmjs.org/stringify-entities/-/stringify-entities-4.0.4.tgz"
  integrity sha512-IwfBptatlO+QCJUo19AqvrPNqlVMpW9YEL2LIVY+Rpv2qsjCGxaDLNRgeGsQWJhfItebuJhsGSLjaBbNSQ+ieg==
  dependencies:
    character-entities-html4 "^2.0.0"
    character-entities-legacy "^3.0.0"

tailwindcss@^4.2.4, tailwindcss@4.2.4:
  version "4.2.4"
  resolved "https://registry.npmjs.org/tailwindcss/-/tailwindcss-4.2.4.tgz"
  integrity sha512-HhKppgO81FQof5m6TEnuBWCZGgfRAWbaeOaGT00KOy/Pf/j6oUihdvBpA7ltCeAvZpFhW3j0PTclkxsd4IXYDA==

tapable@^2.3.3:
  version "2.3.3"
  resolved "https://registry.npmjs.org/tapable/-/tapable-2.3.3.tgz"
  integrity sha512-uxc/zpqFg6x7C8vOE7lh6Lbda8eEL9zmVm/PLeTPBRhh1xCgdWaQ+J1CUieGpIfm2HdtsUpRv+HshiasBMcc6A==

tiny-inflate@^1.0.0:
  version "1.0.3"
  resolved "https://registry.npmjs.org/tiny-inflate/-/tiny-inflate-1.0.3.tgz"
  integrity sha512-pkY1fj1cKHb2seWDy0B16HeWyczlJA9/WW3u3c4z/NiWDsO3DOU5D7nhTLE9CF0yXv/QZFY7sEJmj24dK+Rrqw==

tinyglobby@^0.2.16:
  version "0.2.16"
  resolved "https://registry.npmjs.org/tinyglobby/-/tinyglobby-0.2.16.tgz"
  integrity sha512-pn99VhoACYR8nFHhxqix+uvsbXineAasWm5ojXoN8xEwK5Kd3/TrhNn1wByuD52UxWRLy8pu+kRMniEi6Eq9Zg==
  dependencies:
    fdir "^6.5.0"
    picomatch "^4.0.4"

to-regex-range@^5.0.1:
  version "5.0.1"
  resolved "https://registry.npmjs.org/to-regex-range/-/to-regex-range-5.0.1.tgz"
  integrity sha512-65P7iz6X5yEr1cwcgvQxbbIw7Uk3gOy5dIdtZ4rDveLqhrdJP+Li/Hx6tyK0NEb+2GCyneCMJiGqrADCSNk8sQ==
  dependencies:
    is-number "^7.0.0"

trim-lines@^3.0.0:
  version "3.0.1"
  resolved "https://registry.npmjs.org/trim-lines/-/trim-lines-3.0.1.tgz"
  integrity sha512-kRj8B+YHZCc9kQYdWfJB2/oUl9rA99qbowYYBtr4ui4mZyAQ2JpvVBd/6U2YloATfqBhBTSMhTpgBHtU0Mf3Rg==

tsconfck@^3.0.3:
  version "3.1.6"
  resolved "https://registry.npmjs.org/tsconfck/-/tsconfck-3.1.6.tgz"
  integrity sha512-ks6Vjr/jEw0P1gmOVwutM3B7fWxoWBL2KRDb1JfqGVawBmO5UsvmWOQFGHBPl5yxYz4eERr19E6L7NMv+Fej4w==

tslib@^2.4.0:
  version "2.8.1"
  resolved "https://registry.npmjs.org/tslib/-/tslib-2.8.1.tgz"
  integrity sha512-oJFu94HQb+KVduSUQL7wnpmqnfmLsOA/nAh6b6EH0wCEoK0/mPeXU6c3wKDV83MkOuHPRHtSXKKU99IBazS/2w==

typescript@^6.0.2:
  version "6.0.2"
  resolved "https://registry.npmjs.org/typescript/-/typescript-6.0.2.tgz"
  integrity sha512-bGdAIrZ0wiGDo5l8c++HWtbaNCWTS4UTv7RaTH/ThVIgjkveJt83m74bBHMJkuCbslY8ixgLBVZJIOiQlQTjfQ==

undici-types@~7.19.0:
  version "7.19.2"
  resolved "https://registry.npmjs.org/undici-types/-/undici-types-7.19.2.tgz"
  integrity sha512-qYVnV5OEm2AW8cJMCpdV20CDyaN3g0AjDlOGf1OW4iaDEx8MwdtChUp4zu4H0VP3nDRF/8RKWH+IPp9uW0YGZg==

unicode-trie@^2.0.0:
  version "2.0.0"
  resolved "https://registry.npmjs.org/unicode-trie/-/unicode-trie-2.0.0.tgz"
  integrity sha512-x7bc76x0bm4prf1VLg79uhAzKw8DVboClSN5VxJuQ+LKDOVEW9CdH+VY7SP+vX7xCYQqzzgQpFqz15zeLvAtZQ==
  dependencies:
    pako "^0.2.5"
    tiny-inflate "^1.0.0"

unist-util-is@^6.0.0:
  version "6.0.1"
  resolved "https://registry.npmjs.org/unist-util-is/-/unist-util-is-6.0.1.tgz"
  integrity sha512-LsiILbtBETkDz8I9p1dQ0uyRUWuaQzd/cuEeS1hoRSyW5E5XGmTzlwY1OrNzzakGowI9Dr/I8HVaw4hTtnxy8g==
  dependencies:
    "@types/unist" "^3.0.0"

unist-util-position@^5.0.0:
  version "5.0.0"
  resolved "https://registry.npmjs.org/unist-util-position/-/unist-util-position-5.0.0.tgz"
  integrity sha512-fucsC7HjXvkB5R3kTCO7kUjRdrS0BJt3M/FPxmHMBOm8JQi2BsHAHFsy27E0EolP8rp0NzXsJ+jNPyDWvOJZPA==
  dependencies:
    "@types/unist" "^3.0.0"

unist-util-stringify-position@^4.0.0:
  version "4.0.0"
  resolved "https://registry.npmjs.org/unist-util-stringify-position/-/unist-util-stringify-position-4.0.0.tgz"
  integrity sha512-0ASV06AAoKCDkS2+xw5RXJywruurpbC4JZSm7nr7MOt1ojAzvyyaO+UxZf18j8FCF6kmzCZKcAgN/yu2gm2XgQ==
  dependencies:
    "@types/unist" "^3.0.0"

unist-util-visit-parents@^6.0.0:
  version "6.0.2"
  resolved "https://registry.npmjs.org/unist-util-visit-parents/-/unist-util-visit-parents-6.0.2.tgz"
  integrity sha512-goh1s1TBrqSqukSc8wrjwWhL0hiJxgA8m4kFxGlQ+8FYQ3C/m11FcTs4YYem7V664AhHVvgoQLk890Ssdsr2IQ==
  dependencies:
    "@types/unist" "^3.0.0"
    unist-util-is "^6.0.0"

unist-util-visit@^5.0.0:
  version "5.1.0"
  resolved "https://registry.npmjs.org/unist-util-visit/-/unist-util-visit-5.1.0.tgz"
  integrity sha512-m+vIdyeCOpdr/QeQCu2EzxX/ohgS8KbnPDgFni4dQsfSCtpz8UqDyY5GjRru8PDKuYn7Fq19j1CQ+nJSsGKOzg==
  dependencies:
    "@types/unist" "^3.0.0"
    unist-util-is "^6.0.0"
    unist-util-visit-parents "^6.0.0"

unpic@^4.2.2:
  version "4.2.2"
  resolved "https://registry.npmjs.org/unpic/-/unpic-4.2.2.tgz"
  integrity sha512-z6T2ScMgRV2y2H8MwwhY5xHZWXhUx/YxtOCGJwfURSl7ypVy4HpLIMWoIZKnnxQa/RKzM0kg8hUh0paIrpLfvw==

vfile-message@^4.0.0:
  version "4.0.3"
  resolved "https://registry.npmjs.org/vfile-message/-/vfile-message-4.0.3.tgz"
  integrity sha512-QTHzsGd1EhbZs4AsQ20JX1rC3cOlt/IWJruk893DfLRr57lcnOeMaWG4K0JrRta4mIJZKth2Au3mM3u03/JWKw==
  dependencies:
    "@types/unist" "^3.0.0"
    unist-util-stringify-position "^4.0.0"

vfile@^6.0.0:
  version "6.0.3"
  resolved "https://registry.npmjs.org/vfile/-/vfile-6.0.3.tgz"
  integrity sha512-KzIbH/9tXat2u30jf+smMwFCsno4wHVdNmzFyL+T/L3UGqqk6JKfVqOFOZEpZSHADH1k40ab6NUIXZq422ov3Q==
  dependencies:
    "@types/unist" "^3.0.0"
    vfile-message "^4.0.0"

vinext@latest:
  version "0.0.43"
  resolved "https://registry.npmjs.org/vinext/-/vinext-0.0.43.tgz"
  integrity sha512-7/St22TdEQYRv8wH4IxJERBicOoyyEC9vdMpSiThRkR5lAZ5D3dKfUMwbDCxldBnHEM+FFG4RexVdCOHkywc3g==
  dependencies:
    "@unpic/react" "^1.0.2"
    "@vercel/og" "^0.8.6"
    magic-string "^0.30.21"
    vite-plugin-commonjs "^0.10.4"
    vite-tsconfig-paths "^6.1.1"

vite-plugin-commonjs@^0.10.4:
  version "0.10.4"
  resolved "https://registry.npmjs.org/vite-plugin-commonjs/-/vite-plugin-commonjs-0.10.4.tgz"
  integrity sha512-eWQuvQKCcx0QYB5e5xfxBNjQKyrjEWZIR9UOkOV6JAgxVhtbZvCOF+FNC2ZijBJ3U3Px04ZMMyyMyFBVWIJ5+g==
  dependencies:
    acorn "^8.12.1"
    magic-string "^0.30.11"
    vite-plugin-dynamic-import "^1.6.0"

vite-plugin-dynamic-import@^1.6.0:
  version "1.6.0"
  resolved "https://registry.npmjs.org/vite-plugin-dynamic-import/-/vite-plugin-dynamic-import-1.6.0.tgz"
  integrity sha512-TM0sz70wfzTIo9YCxVFwS8OA9lNREsh+0vMHGSkWDTZ7bgd1Yjs5RV8EgB634l/91IsXJReg0xtmuQqP0mf+rg==
  dependencies:
    acorn "^8.12.1"
    es-module-lexer "^1.5.4"
    fast-glob "^3.3.2"
    magic-string "^0.30.11"

vite-tsconfig-paths@^6.1.1:
  version "6.1.1"
  resolved "https://registry.npmjs.org/vite-tsconfig-paths/-/vite-tsconfig-paths-6.1.1.tgz"
  integrity sha512-2cihq7zliibCCZ8P9cKJrQBkfgdvcFkOOc3Y02o3GWUDLgqjWsZudaoiuOwO/gzTzy17cS5F7ZPo4bsnS4DGkg==
  dependencies:
    debug "^4.1.1"
    globrex "^0.1.2"
    tsconfck "^3.0.3"

vite@^8.0.10:
  version "8.0.10"
  resolved "https://registry.npmjs.org/vite/-/vite-8.0.10.tgz"
  integrity sha512-rZuUu9j6J5uotLDs+cAA4O5H4K1SfPliUlQwqa6YEwSrWDZzP4rhm00oJR5snMewjxF5V/K3D4kctsUTsIU9Mw==
  dependencies:
    lightningcss "^1.32.0"
    picomatch "^4.0.4"
    postcss "^8.5.10"
    rolldown "1.0.0-rc.17"
    tinyglobby "^0.2.16"
  optionalDependencies:
    fsevents "~2.3.3"

yoga-layout@^3.2.1:
  version "3.2.1"
  resolved "https://registry.npmjs.org/yoga-layout/-/yoga-layout-3.2.1.tgz"
  integrity sha512-0LPOt3AxKqMdFBZA3HBAt/t/8vIKq7VaQYbuA8WxCgung+p9TVyKRYdpvCb80HcdTN2NkbIKbhNwKUfm3tQywQ==

zwitch@^2.0.4:
  version "2.0.4"
  resolved "https://registry.npmjs.org/zwitch/-/zwitch-2.0.4.tgz"
  integrity sha512-bXE4cR/kVZhKZX/RjPEflHaKVhUVl85noU3v6b8apfQEc1x4A+zBxjZ4lN8LqGd6WZ3dl98pY4o717VFmoPp+A==
